// !$*UTF8*$!
{
	archiveVersion = 1;
	classes = {
	};
	objectVersion = 55;
	objects = {

/* Begin PBXFileReference section */
		3F9B310A27AB4C980045B535 /* ExClosure.playground */ = {isa = PBXFileReference; lastKnownFileType = file.playground; path = ExClosure.playground; sourceTree = "<group>"; xcLanguageSpecificationIdentifier = xcode.lang.swift; };
/* End PBXFileReference section */

/* Begin PBXGroup section */
		3F9B310327AB4C570045B535 = {
			isa = PBXGroup;
			children = (
				3F9B310A27AB4C980045B535 /* ExClosure.playground */,
			);
			indentWidth = 2;
			sourceTree = "<group>";
			tabWidth = 2;
		};
/* End PBXGroup section */

/* Begin PBXProject section */
		3F9B310427AB4C570045B535 /* Project object */ = {
			isa = PBXProject;
			attributes = {
				BuildIndependentTargetsInParallel = 1;
				LastUpgradeCheck = 1310;
			};
			buildConfigurationList = 3F9B310727AB4C570045B535 /* Build configuration list for PBXProject "ExClosure" */;
			compatibilityVersion = "Xcode 13.0";
			developmentRegion = en;
			hasScannedForEncodings = 0;
			knownRegions = (
				en,
				Base,
			);
			mainGroup = 3F9B310327AB4C570045B535;
			projectDirPath = "";
			projectRoot = "";
			targets = (
			);
		};
/* End PBXProject section */

/* Begin XCBuildConfiguration section */
		3F9B310827AB4C570045B535 /* Debug */ = {
			isa = XCBuildConfiguration;
			buildSettings = {
			};
			name = Debug;
		};
		3F9B310927AB4C570045B535 /* Release */ = {
			isa = XCBuildConfiguration;
			buildSettings = {
			};
			name = Release;
		};
/* End XCBuildConfiguration section */

/* Begin XCConfigurationList section */
		3F9B310727AB4C570045B535 /* Build configuration list for PBXProject "ExClosure" */ = {
			isa = XCConfigurationList;
			buildConfigurations = (
				3F9B310827AB4C570045B535 /* Debug */,
				3F9B310927AB4C570045B535 /* Release */,
			);
			defaultConfigurationIsVisible = 0;
			defaultConfigurationName = Release;
		};
/* End XCConfigurationList section */
	};
	rootObject = 3F9B310427AB4C570045B535 /* Project object */;
}
