// !$*UTF8*$!
{
	archiveVersion = 1;
	classes = {
	};
	objectVersion = 55;
	objects = {

/* Begin PBXFileReference section */
		3FA7DB50278CF8D900957BCA /* Example.playground */ = {isa = PBXFileReference; lastKnownFileType = file.playground; path = Example.playground; sourceTree = "<group>"; xcLanguageSpecificationIdentifier = xcode.lang.swift; };
		3FB1E94B2797833F0059C415 /* ControlTransferStatements.playground */ = {isa = PBXFileReference; lastKnownFileType = file.playground; path = ControlTransferStatements.playground; sourceTree = "<group>"; xcLanguageSpecificationIdentifier = xcode.lang.swift; };
/* End PBXFileReference section */

/* Begin PBXGroup section */
		3FA7DB49278CF8C500957BCA = {
			isa = PBXGroup;
			children = (
				3FB1E94B2797833F0059C415 /* ControlTransferStatements.playground */,
				3FA7DB50278CF8D900957BCA /* Example.playground */,
			);
			sourceTree = "<group>";
		};
/* End PBXGroup section */

/* Begin PBXProject section */
		3FA7DB4A278CF8C500957BCA /* Project object */ = {
			isa = PBXProject;
			attributes = {
				BuildIndependentTargetsInParallel = 1;
				LastUpgradeCheck = 1310;
			};
			buildConfigurationList = 3FA7DB4D278CF8C500957BCA /* Build configuration list for PBXProject "ExControlFlow" */;
			compatibilityVersion = "Xcode 13.0";
			developmentRegion = en;
			hasScannedForEncodings = 0;
			knownRegions = (
				en,
				Base,
			);
			mainGroup = 3FA7DB49278CF8C500957BCA;
			packageReferences = (
				3FA7DB51278CFCD400957BCA /* XCRemoteSwiftPackageReference "swift-collections" */,
			);
			projectDirPath = "";
			projectRoot = "";
			targets = (
			);
		};
/* End PBXProject section */

/* Begin XCBuildConfiguration section */
		3FA7DB4E278CF8C500957BCA /* Debug */ = {
			isa = XCBuildConfiguration;
			buildSettings = {
			};
			name = Debug;
		};
		3FA7DB4F278CF8C500957BCA /* Release */ = {
			isa = XCBuildConfiguration;
			buildSettings = {
			};
			name = Release;
		};
/* End XCBuildConfiguration section */

/* Begin XCConfigurationList section */
		3FA7DB4D278CF8C500957BCA /* Build configuration list for PBXProject "ExControlFlow" */ = {
			isa = XCConfigurationList;
			buildConfigurations = (
				3FA7DB4E278CF8C500957BCA /* Debug */,
				3FA7DB4F278CF8C500957BCA /* Release */,
			);
			defaultConfigurationIsVisible = 0;
			defaultConfigurationName = Release;
		};
/* End XCConfigurationList section */

/* Begin XCRemoteSwiftPackageReference section */
		3FA7DB51278CFCD400957BCA /* XCRemoteSwiftPackageReference "swift-collections" */ = {
			isa = XCRemoteSwiftPackageReference;
			repositoryURL = "https://github.com/apple/swift-collections.git";
			requirement = {
				kind = exactVersion;
				version = 1.0.1;
			};
		};
/* End XCRemoteSwiftPackageReference section */
	};
	rootObject = 3FA7DB4A278CF8C500957BCA /* Project object */;
}
